
Microsoft Visual Studio Solution File, Format Version 12.00
# Visual Studio Version 16
VisualStudioVersion = 16.0.32929.386
MinimumVisualStudioVersion = 10.0.40219.1
Project("{FAE04EC0-301F-11D3-BF4B-00C04F79EFBC}") = "MVCPractice", "MVCPractice.csproj", "{69A7249F-1D7E-4C2C-B2F0-171C285910F3}"
EndProject
Global
	GlobalSection(SolutionConfigurationPlatforms) = preSolution
		Debug|Any CPU = Debug|Any CPU
		Release|Any CPU = Release|Any CPU
	EndGlobalSection
	GlobalSection(ProjectConfigurationPlatforms) = postSolution
		{69A7249F-1D7E-4C2C-B2F0-171C285910F3}.Debug|Any CPU.ActiveCfg = Debug|Any CPU
		{69A7249F-1D7E-4C2C-B2F0-171C285910F3}.Debug|Any CPU.Build.0 = Debug|Any CPU
		{69A7249F-1D7E-4C2C-B2F0-171C285910F3}.Release|Any CPU.ActiveCfg = Release|Any CPU
		{69A7249F-1D7E-4C2C-B2F0-171C285910F3}.Release|Any CPU.Build.0 = Release|Any CPU
	EndGlobalSection
	GlobalSection(SolutionProperties) = preSolution
		HideSolutionNode = FALSE
	EndGlobalSection
	GlobalSection(ExtensibilityGlobals) = postSolution
		SolutionGuid = {29CEBD9C-67C0-44D1-8B64-4AA3FF828BFD}
	EndGlobalSection
EndGlobal
